// !$*UTF8*$!
{
	archiveVersion = 1;
	classes = {
	};
	objectVersion = 56;
	objects = {

/* Begin PBXBuildFile section */
		8D046BFE2B4AD60A00DA064A /* MyKinLegacyApp.swift in Sources */ = {isa = PBXBuildFile; fileRef = 8D046BFD2B4AD60A00DA064A /* MyKinLegacyApp.swift */; };
		8D046C002B4AD60A00DA064A /* Persistence.swift in Sources */ = {isa = PBXBuildFile; fileRef = 8D046BFF2B4AD60A00DA064A /* Persistence.swift */; };
		8D046C032B4AD60A00DA064A /* MyKinLegacy.xcdatamodeld in Sources */ = {isa = PBXBuildFile; fileRef = 8D046C012B4AD60A00DA064A /* MyKinLegacy.xcdatamodeld */; };
		8D046C052B4AD60A00DA064A /* ContentView.swift in Sources */ = {isa = PBXBuildFile; fileRef = 8D046C042B4AD60A00DA064A /* ContentView.swift */; };
		8D046C072B4AD60C00DA064A /* Assets.xcassets in Resources */ = {isa = PBXBuildFile; fileRef = 8D046C062B4AD60C00DA064A /* Assets.xcassets */; };
		8D046C0B2B4AD60C00DA064A /* Preview Assets.xcassets in Resources */ = {isa = PBXBuildFile; fileRef = 8D046C0A2B4AD60C00DA064A /* Preview Assets.xcassets */; };
		8D046C152B4AD60C00DA064A /* MyKinLegacyTests.swift in Sources */ = {isa = PBXBuildFile; fileRef = 8D046C142B4AD60C00DA064A /* MyKinLegacyTests.swift */; };
		8D046C1F2B4AD60C00DA064A /* MyKinLegacyUITests.swift in Sources */ = {isa = PBXBuildFile; fileRef = 8D046C1E2B4AD60C00DA064A /* MyKinLegacyUITests.swift */; };
		8D046C212B4AD60C00DA064A /* MyKinLegacyUITestsLaunchTests.swift in Sources */ = {isa = PBXBuildFile; fileRef = 8D046C202B4AD60C00DA064A /* MyKinLegacyUITestsLaunchTests.swift */; };
		8D47163C2B4AE05E00F55CF3 /* LoginView.swift in Sources */ = {isa = PBXBuildFile; fileRef = 8D47163B2B4AE05E00F55CF3 /* LoginView.swift */; };
		8D47163E2B4AE32E00F55CF3 /* StarterView.swift in Sources */ = {isa = PBXBuildFile; fileRef = 8D47163D2B4AE32E00F55CF3 /* StarterView.swift */; };
		8D4716402B4AED6500F55CF3 /* RelationshipCheckResultView.swift in Sources */ = {isa = PBXBuildFile; fileRef = 8D47163F2B4AED6500F55CF3 /* RelationshipCheckResultView.swift */; };
		8DB159042B54FCAF00C554E3 /* AssetCheckListView.swift in Sources */ = {isa = PBXBuildFile; fileRef = 8DB159032B54FCAF00C554E3 /* AssetCheckListView.swift */; };
		8DB159062B5506C500C554E3 /* ConsentView.swift in Sources */ = {isa = PBXBuildFile; fileRef = 8DB159052B5506C500C554E3 /* ConsentView.swift */; };
		8DB159082B5507B900C554E3 /* ClosingView.swift in Sources */ = {isa = PBXBuildFile; fileRef = 8DB159072B5507B900C554E3 /* ClosingView.swift */; };
/* End PBXBuildFile section */

/* Begin PBXContainerItemProxy section */
		8D046C112B4AD60C00DA064A /* PBXContainerItemProxy */ = {
			isa = PBXContainerItemProxy;
			containerPortal = 8D046BF22B4AD60A00DA064A /* Project object */;
			proxyType = 1;
			remoteGlobalIDString = 8D046BF92B4AD60A00DA064A;
			remoteInfo = MyKinLegacy;
		};
		8D046C1B2B4AD60C00DA064A /* PBXContainerItemProxy */ = {
			isa = PBXContainerItemProxy;
			containerPortal = 8D046BF22B4AD60A00DA064A /* Project object */;
			proxyType = 1;
			remoteGlobalIDString = 8D046BF92B4AD60A00DA064A;
			remoteInfo = MyKinLegacy;
		};
/* End PBXContainerItemProxy section */

/* Begin PBXFileReference section */
		8D046BFA2B4AD60A00DA064A /* MyKinLegacy.app */ = {isa = PBXFileReference; explicitFileType = wrapper.application; includeInIndex = 0; path = MyKinLegacy.app; sourceTree = BUILT_PRODUCTS_DIR; };
		8D046BFD2B4AD60A00DA064A /* MyKinLegacyApp.swift */ = {isa = PBXFileReference; lastKnownFileType = sourcecode.swift; path = MyKinLegacyApp.swift; sourceTree = "<group>"; };
		8D046BFF2B4AD60A00DA064A /* Persistence.swift */ = {isa = PBXFileReference; lastKnownFileType = sourcecode.swift; path = Persistence.swift; sourceTree = "<group>"; };
		8D046C022B4AD60A00DA064A /* MyKinLegacy.xcdatamodel */ = {isa = PBXFileReference; lastKnownFileType = wrapper.xcdatamodel; path = MyKinLegacy.xcdatamodel; sourceTree = "<group>"; };
		8D046C042B4AD60A00DA064A /* ContentView.swift */ = {isa = PBXFileReference; lastKnownFileType = sourcecode.swift; path = ContentView.swift; sourceTree = "<group>"; };
		8D046C062B4AD60C00DA064A /* Assets.xcassets */ = {isa = PBXFileReference; lastKnownFileType = folder.assetcatalog; path = Assets.xcassets; sourceTree = "<group>"; };
		8D046C082B4AD60C00DA064A /* MyKinLegacy.entitlements */ = {isa = PBXFileReference; lastKnownFileType = text.plist.entitlements; path = MyKinLegacy.entitlements; sourceTree = "<group>"; };
		8D046C0A2B4AD60C00DA064A /* Preview Assets.xcassets */ = {isa = PBXFileReference; lastKnownFileType = folder.assetcatalog; path = "Preview Assets.xcassets"; sourceTree = "<group>"; };
		8D046C102B4AD60C00DA064A /* MyKinLegacyTests.xctest */ = {isa = PBXFileReference; explicitFileType = wrapper.cfbundle; includeInIndex = 0; path = MyKinLegacyTests.xctest; sourceTree = BUILT_PRODUCTS_DIR; };
		8D046C142B4AD60C00DA064A /* MyKinLegacyTests.swift */ = {isa = PBXFileReference; lastKnownFileType = sourcecode.swift; path = MyKinLegacyTests.swift; sourceTree = "<group>"; };
		8D046C1A2B4AD60C00DA064A /* MyKinLegacyUITests.xctest */ = {isa = PBXFileReference; explicitFileType = wrapper.cfbundle; includeInIndex = 0; path = MyKinLegacyUITests.xctest; sourceTree = BUILT_PRODUCTS_DIR; };
		8D046C1E2B4AD60C00DA064A /* MyKinLegacyUITests.swift */ = {isa = PBXFileReference; lastKnownFileType = sourcecode.swift; path = MyKinLegacyUITests.swift; sourceTree = "<group>"; };
		8D046C202B4AD60C00DA064A /* MyKinLegacyUITestsLaunchTests.swift */ = {isa = PBXFileReference; lastKnownFileType = sourcecode.swift; path = MyKinLegacyUITestsLaunchTests.swift; sourceTree = "<group>"; };
		8D47163B2B4AE05E00F55CF3 /* LoginView.swift */ = {isa = PBXFileReference; lastKnownFileType = sourcecode.swift; path = LoginView.swift; sourceTree = "<group>"; };
		8D47163D2B4AE32E00F55CF3 /* StarterView.swift */ = {isa = PBXFileReference; lastKnownFileType = sourcecode.swift; path = StarterView.swift; sourceTree = "<group>"; };
		8D47163F2B4AED6500F55CF3 /* RelationshipCheckResultView.swift */ = {isa = PBXFileReference; lastKnownFileType = sourcecode.swift; path = RelationshipCheckResultView.swift; sourceTree = "<group>"; };
		8DB159032B54FCAF00C554E3 /* AssetCheckListView.swift */ = {isa = PBXFileReference; lastKnownFileType = sourcecode.swift; path = AssetCheckListView.swift; sourceTree = "<group>"; };
		8DB159052B5506C500C554E3 /* ConsentView.swift */ = {isa = PBXFileReference; lastKnownFileType = sourcecode.swift; path = ConsentView.swift; sourceTree = "<group>"; };
		8DB159072B5507B900C554E3 /* ClosingView.swift */ = {isa = PBXFileReference; lastKnownFileType = sourcecode.swift; path = ClosingView.swift; sourceTree = "<group>"; };
/* End PBXFileReference section */

/* Begin PBXFrameworksBuildPhase section */
		8D046BF72B4AD60A00DA064A /* Frameworks */ = {
			isa = PBXFrameworksBuildPhase;
			buildActionMask = 2147483647;
			files = (
			);
			runOnlyForDeploymentPostprocessing = 0;
		};
		8D046C0D2B4AD60C00DA064A /* Frameworks */ = {
			isa = PBXFrameworksBuildPhase;
			buildActionMask = 2147483647;
			files = (
			);
			runOnlyForDeploymentPostprocessing = 0;
		};
		8D046C172B4AD60C00DA064A /* Frameworks */ = {
			isa = PBXFrameworksBuildPhase;
			buildActionMask = 2147483647;
			files = (
			);
			runOnlyForDeploymentPostprocessing = 0;
		};
/* End PBXFrameworksBuildPhase section */

/* Begin PBXGroup section */
		8D046BF12B4AD60A00DA064A = {
			isa = PBXGroup;
			children = (
				8D046BFC2B4AD60A00DA064A /* MyKinLegacy */,
				8D046C132B4AD60C00DA064A /* MyKinLegacyTests */,
				8D046C1D2B4AD60C00DA064A /* MyKinLegacyUITests */,
				8D046BFB2B4AD60A00DA064A /* Products */,
			);
			sourceTree = "<group>";
		};
		8D046BFB2B4AD60A00DA064A /* Products */ = {
			isa = PBXGroup;
			children = (
				8D046BFA2B4AD60A00DA064A /* MyKinLegacy.app */,
				8D046C102B4AD60C00DA064A /* MyKinLegacyTests.xctest */,
				8D046C1A2B4AD60C00DA064A /* MyKinLegacyUITests.xctest */,
			);
			name = Products;
			sourceTree = "<group>";
		};
		8D046BFC2B4AD60A00DA064A /* MyKinLegacy */ = {
			isa = PBXGroup;
			children = (
				8D47163A2B4AE01700F55CF3 /* Models */,
				8D4716392B4AE01200F55CF3 /* Views */,
				8D046BFD2B4AD60A00DA064A /* MyKinLegacyApp.swift */,
				8D046BFF2B4AD60A00DA064A /* Persistence.swift */,
				8D046C042B4AD60A00DA064A /* ContentView.swift */,
				8D046C062B4AD60C00DA064A /* Assets.xcassets */,
				8D046C082B4AD60C00DA064A /* MyKinLegacy.entitlements */,
				8D046C012B4AD60A00DA064A /* MyKinLegacy.xcdatamodeld */,
				8D046C092B4AD60C00DA064A /* Preview Content */,
			);
			path = MyKinLegacy;
			sourceTree = "<group>";
		};
		8D046C092B4AD60C00DA064A /* Preview Content */ = {
			isa = PBXGroup;
			children = (
				8D046C0A2B4AD60C00DA064A /* Preview Assets.xcassets */,
			);
			path = "Preview Content";
			sourceTree = "<group>";
		};
		8D046C132B4AD60C00DA064A /* MyKinLegacyTests */ = {
			isa = PBXGroup;
			children = (
				8D046C142B4AD60C00DA064A /* MyKinLegacyTests.swift */,
			);
			path = MyKinLegacyTests;
			sourceTree = "<group>";
		};
		8D046C1D2B4AD60C00DA064A /* MyKinLegacyUITests */ = {
			isa = PBXGroup;
			children = (
				8D046C1E2B4AD60C00DA064A /* MyKinLegacyUITests.swift */,
				8D046C202B4AD60C00DA064A /* MyKinLegacyUITestsLaunchTests.swift */,
			);
			path = MyKinLegacyUITests;
			sourceTree = "<group>";
		};
		8D4716392B4AE01200F55CF3 /* Views */ = {
			isa = PBXGroup;
			children = (
				8D47163B2B4AE05E00F55CF3 /* LoginView.swift */,
				8D47163D2B4AE32E00F55CF3 /* StarterView.swift */,
				8D47163F2B4AED6500F55CF3 /* RelationshipCheckResultView.swift */,
				8DB159032B54FCAF00C554E3 /* AssetCheckListView.swift */,
				8DB159052B5506C500C554E3 /* ConsentView.swift */,
				8DB159072B5507B900C554E3 /* ClosingView.swift */,
			);
			path = Views;
			sourceTree = "<group>";
		};
		8D47163A2B4AE01700F55CF3 /* Models */ = {
			isa = PBXGroup;
			children = (
			);
			path = Models;
			sourceTree = "<group>";
		};
/* End PBXGroup section */

/* Begin PBXNativeTarget section */
		8D046BF92B4AD60A00DA064A /* MyKinLegacy */ = {
			isa = PBXNativeTarget;
			buildConfigurationList = 8D046C242B4AD60C00DA064A /* Build configuration list for PBXNativeTarget "MyKinLegacy" */;
			buildPhases = (
				8D046BF62B4AD60A00DA064A /* Sources */,
				8D046BF72B4AD60A00DA064A /* Frameworks */,
				8D046BF82B4AD60A00DA064A /* Resources */,
			);
			buildRules = (
			);
			dependencies = (
			);
			name = MyKinLegacy;
			productName = MyKinLegacy;
			productReference = 8D046BFA2B4AD60A00DA064A /* MyKinLegacy.app */;
			productType = "com.apple.product-type.application";
		};
		8D046C0F2B4AD60C00DA064A /* MyKinLegacyTests */ = {
			isa = PBXNativeTarget;
			buildConfigurationList = 8D046C272B4AD60C00DA064A /* Build configuration list for PBXNativeTarget "MyKinLegacyTests" */;
			buildPhases = (
				8D046C0C2B4AD60C00DA064A /* Sources */,
				8D046C0D2B4AD60C00DA064A /* Frameworks */,
				8D046C0E2B4AD60C00DA064A /* Resources */,
			);
			buildRules = (
			);
			dependencies = (
				8D046C122B4AD60C00DA064A /* PBXTargetDependency */,
			);
			name = MyKinLegacyTests;
			productName = MyKinLegacyTests;
			productReference = 8D046C102B4AD60C00DA064A /* MyKinLegacyTests.xctest */;
			productType = "com.apple.product-type.bundle.unit-test";
		};
		8D046C192B4AD60C00DA064A /* MyKinLegacyUITests */ = {
			isa = PBXNativeTarget;
			buildConfigurationList = 8D046C2A2B4AD60C00DA064A /* Build configuration list for PBXNativeTarget "MyKinLegacyUITests" */;
			buildPhases = (
				8D046C162B4AD60C00DA064A /* Sources */,
				8D046C172B4AD60C00DA064A /* Frameworks */,
				8D046C182B4AD60C00DA064A /* Resources */,
			);
			buildRules = (
			);
			dependencies = (
				8D046C1C2B4AD60C00DA064A /* PBXTargetDependency */,
			);
			name = MyKinLegacyUITests;
			productName = MyKinLegacyUITests;
			productReference = 8D046C1A2B4AD60C00DA064A /* MyKinLegacyUITests.xctest */;
			productType = "com.apple.product-type.bundle.ui-testing";
		};
/* End PBXNativeTarget section */

/* Begin PBXProject section */
		8D046BF22B4AD60A00DA064A /* Project object */ = {
			isa = PBXProject;
			attributes = {
				BuildIndependentTargetsInParallel = 1;
				LastSwiftUpdateCheck = 1430;
				LastUpgradeCheck = 1430;
				TargetAttributes = {
					8D046BF92B4AD60A00DA064A = {
						CreatedOnToolsVersion = 14.3.1;
					};
					8D046C0F2B4AD60C00DA064A = {
						CreatedOnToolsVersion = 14.3.1;
						TestTargetID = 8D046BF92B4AD60A00DA064A;
					};
					8D046C192B4AD60C00DA064A = {
						CreatedOnToolsVersion = 14.3.1;
						TestTargetID = 8D046BF92B4AD60A00DA064A;
					};
				};
			};
			buildConfigurationList = 8D046BF52B4AD60A00DA064A /* Build configuration list for PBXProject "MyKinLegacy" */;
			compatibilityVersion = "Xcode 14.0";
			developmentRegion = en;
			hasScannedForEncodings = 0;
			knownRegions = (
				en,
				Base,
			);
			mainGroup = 8D046BF12B4AD60A00DA064A;
			productRefGroup = 8D046BFB2B4AD60A00DA064A /* Products */;
			projectDirPath = "";
			projectRoot = "";
			targets = (
				8D046BF92B4AD60A00DA064A /* MyKinLegacy */,
				8D046C0F2B4AD60C00DA064A /* MyKinLegacyTests */,
				8D046C192B4AD60C00DA064A /* MyKinLegacyUITests */,
			);
		};
/* End PBXProject section */

/* Begin PBXResourcesBuildPhase section */
		8D046BF82B4AD60A00DA064A /* Resources */ = {
			isa = PBXResourcesBuildPhase;
			buildActionMask = 2147483647;
			files = (
				8D046C0B2B4AD60C00DA064A /* Preview Assets.xcassets in Resources */,
				8D046C072B4AD60C00DA064A /* Assets.xcassets in Resources */,
			);
			runOnlyForDeploymentPostprocessing = 0;
		};
		8D046C0E2B4AD60C00DA064A /* Resources */ = {
			isa = PBXResourcesBuildPhase;
			buildActionMask = 2147483647;
			files = (
			);
			runOnlyForDeploymentPostprocessing = 0;
		};
		8D046C182B4AD60C00DA064A /* Resources */ = {
			isa = PBXResourcesBuildPhase;
			buildActionMask = 2147483647;
			files = (
			);
			runOnlyForDeploymentPostprocessing = 0;
		};
/* End PBXResourcesBuildPhase section */

/* Begin PBXSourcesBuildPhase section */
		8D046BF62B4AD60A00DA064A /* Sources */ = {
			isa = PBXSourcesBuildPhase;
			buildActionMask = 2147483647;
			files = (
				8DB159082B5507B900C554E3 /* ClosingView.swift in Sources */,
				8DB159042B54FCAF00C554E3 /* AssetCheckListView.swift in Sources */,
				8D046BFE2B4AD60A00DA064A /* MyKinLegacyApp.swift in Sources */,
				8DB159062B5506C500C554E3 /* ConsentView.swift in Sources */,
				8D4716402B4AED6500F55CF3 /* RelationshipCheckResultView.swift in Sources */,
				8D046C002B4AD60A00DA064A /* Persistence.swift in Sources */,
				8D47163E2B4AE32E00F55CF3 /* StarterView.swift in Sources */,
				8D046C052B4AD60A00DA064A /* ContentView.swift in Sources */,
				8D47163C2B4AE05E00F55CF3 /* LoginView.swift in Sources */,
				8D046C032B4AD60A00DA064A /* MyKinLegacy.xcdatamodeld in Sources */,
			);
			runOnlyForDeploymentPostprocessing = 0;
		};
		8D046C0C2B4AD60C00DA064A /* Sources */ = {
			isa = PBXSourcesBuildPhase;
			buildActionMask = 2147483647;
			files = (
				8D046C152B4AD60C00DA064A /* MyKinLegacyTests.swift in Sources */,
			);
			runOnlyForDeploymentPostprocessing = 0;
		};
		8D046C162B4AD60C00DA064A /* Sources */ = {
			isa = PBXSourcesBuildPhase;
			buildActionMask = 2147483647;
			files = (
				8D046C212B4AD60C00DA064A /* MyKinLegacyUITestsLaunchTests.swift in Sources */,
				8D046C1F2B4AD60C00DA064A /* MyKinLegacyUITests.swift in Sources */,
			);
			runOnlyForDeploymentPostprocessing = 0;
		};
/* End PBXSourcesBuildPhase section */

/* Begin PBXTargetDependency section */
		8D046C122B4AD60C00DA064A /* PBXTargetDependency */ = {
			isa = PBXTargetDependency;
			target = 8D046BF92B4AD60A00DA064A /* MyKinLegacy */;
			targetProxy = 8D046C112B4AD60C00DA064A /* PBXContainerItemProxy */;
		};
		8D046C1C2B4AD60C00DA064A /* PBXTargetDependency */ = {
			isa = PBXTargetDependency;
			target = 8D046BF92B4AD60A00DA064A /* MyKinLegacy */;
			targetProxy = 8D046C1B2B4AD60C00DA064A /* PBXContainerItemProxy */;
		};
/* End PBXTargetDependency section */

/* Begin XCBuildConfiguration section */
		8D046C222B4AD60C00DA064A /* Debug */ = {
			isa = XCBuildConfiguration;
			buildSettings = {
				ALWAYS_SEARCH_USER_PATHS = NO;
				CLANG_ANALYZER_NONNULL = YES;
				CLANG_ANALYZER_NUMBER_OBJECT_CONVERSION = YES_AGGRESSIVE;
				CLANG_CXX_LANGUAGE_STANDARD = "gnu++20";
				CLANG_ENABLE_MODULES = YES;
				CLANG_ENABLE_OBJC_ARC = YES;
				CLANG_ENABLE_OBJC_WEAK = YES;
				CLANG_WARN_BLOCK_CAPTURE_AUTORELEASING = YES;
				CLANG_WARN_BOOL_CONVERSION = YES;
				CLANG_WARN_COMMA = YES;
				CLANG_WARN_CONSTANT_CONVERSION = YES;
				CLANG_WARN_DEPRECATED_OBJC_IMPLEMENTATIONS = YES;
				CLANG_WARN_DIRECT_OBJC_ISA_USAGE = YES_ERROR;
				CLANG_WARN_DOCUMENTATION_COMMENTS = YES;
				CLANG_WARN_EMPTY_BODY = YES;
				CLANG_WARN_ENUM_CONVERSION = YES;
				CLANG_WARN_INFINITE_RECURSION = YES;
				CLANG_WARN_INT_CONVERSION = YES;
				CLANG_WARN_NON_LITERAL_NULL_CONVERSION = YES;
				CLANG_WARN_OBJC_IMPLICIT_RETAIN_SELF = YES;
				CLANG_WARN_OBJC_LITERAL_CONVERSION = YES;
				CLANG_WARN_OBJC_ROOT_CLASS = YES_ERROR;
				CLANG_WARN_QUOTED_INCLUDE_IN_FRAMEWORK_HEADER = YES;
				CLANG_WARN_RANGE_LOOP_ANALYSIS = YES;
				CLANG_WARN_STRICT_PROTOTYPES = YES;
				CLANG_WARN_SUSPICIOUS_MOVE = YES;
				CLANG_WARN_UNGUARDED_AVAILABILITY = YES_AGGRESSIVE;
				CLANG_WARN_UNREACHABLE_CODE = YES;
				CLANG_WARN__DUPLICATE_METHOD_MATCH = YES;
				COPY_PHASE_STRIP = NO;
				DEBUG_INFORMATION_FORMAT = dwarf;
				ENABLE_STRICT_OBJC_MSGSEND = YES;
				ENABLE_TESTABILITY = YES;
				GCC_C_LANGUAGE_STANDARD = gnu11;
				GCC_DYNAMIC_NO_PIC = NO;
				GCC_NO_COMMON_BLOCKS = YES;
				GCC_OPTIMIZATION_LEVEL = 0;
				GCC_PREPROCESSOR_DEFINITIONS = (
					"DEBUG=1",
					"$(inherited)",
				);
				GCC_WARN_64_TO_32_BIT_CONVERSION = YES;
				GCC_WARN_ABOUT_RETURN_TYPE = YES_ERROR;
				GCC_WARN_UNDECLARED_SELECTOR = YES;
				GCC_WARN_UNINITIALIZED_AUTOS = YES_AGGRESSIVE;
				GCC_WARN_UNUSED_FUNCTION = YES;
				GCC_WARN_UNUSED_VARIABLE = YES;
				MTL_ENABLE_DEBUG_INFO = INCLUDE_SOURCE;
				MTL_FAST_MATH = YES;
				ONLY_ACTIVE_ARCH = YES;
				SWIFT_ACTIVE_COMPILATION_CONDITIONS = DEBUG;
				SWIFT_OPTIMIZATION_LEVEL = "-Onone";
			};
			name = Debug;
		};
		8D046C232B4AD60C00DA064A /* Release */ = {
			isa = XCBuildConfiguration;
			buildSettings = {
				ALWAYS_SEARCH_USER_PATHS = NO;
				CLANG_ANALYZER_NONNULL = YES;
				CLANG_ANALYZER_NUMBER_OBJECT_CONVERSION = YES_AGGRESSIVE;
				CLANG_CXX_LANGUAGE_STANDARD = "gnu++20";
				CLANG_ENABLE_MODULES = YES;
				CLANG_ENABLE_OBJC_ARC = YES;
				CLANG_ENABLE_OBJC_WEAK = YES;
				CLANG_WARN_BLOCK_CAPTURE_AUTORELEASING = YES;
				CLANG_WARN_BOOL_CONVERSION = YES;
				CLANG_WARN_COMMA = YES;
				CLANG_WARN_CONSTANT_CONVERSION = YES;
				CLANG_WARN_DEPRECATED_OBJC_IMPLEMENTATIONS = YES;
				CLANG_WARN_DIRECT_OBJC_ISA_USAGE = YES_ERROR;
				CLANG_WARN_DOCUMENTATION_COMMENTS = YES;
				CLANG_WARN_EMPTY_BODY = YES;
				CLANG_WARN_ENUM_CONVERSION = YES;
				CLANG_WARN_INFINITE_RECURSION = YES;
				CLANG_WARN_INT_CONVERSION = YES;
				CLANG_WARN_NON_LITERAL_NULL_CONVERSION = YES;
				CLANG_WARN_OBJC_IMPLICIT_RETAIN_SELF = YES;
				CLANG_WARN_OBJC_LITERAL_CONVERSION = YES;
				CLANG_WARN_OBJC_ROOT_CLASS = YES_ERROR;
				CLANG_WARN_QUOTED_INCLUDE_IN_FRAMEWORK_HEADER = YES;
				CLANG_WARN_RANGE_LOOP_ANALYSIS = YES;
				CLANG_WARN_STRICT_PROTOTYPES = YES;
				CLANG_WARN_SUSPICIOUS_MOVE = YES;
				CLANG_WARN_UNGUARDED_AVAILABILITY = YES_AGGRESSIVE;
				CLANG_WARN_UNREACHABLE_CODE = YES;
				CLANG_WARN__DUPLICATE_METHOD_MATCH = YES;
				COPY_PHASE_STRIP = NO;
				DEBUG_INFORMATION_FORMAT = "dwarf-with-dsym";
				ENABLE_NS_ASSERTIONS = NO;
				ENABLE_STRICT_OBJC_MSGSEND = YES;
				GCC_C_LANGUAGE_STANDARD = gnu11;
				GCC_NO_COMMON_BLOCKS = YES;
				GCC_WARN_64_TO_32_BIT_CONVERSION = YES;
				GCC_WARN_ABOUT_RETURN_TYPE = YES_ERROR;
				GCC_WARN_UNDECLARED_SELECTOR = YES;
				GCC_WARN_UNINITIALIZED_AUTOS = YES_AGGRESSIVE;
				GCC_WARN_UNUSED_FUNCTION = YES;
				GCC_WARN_UNUSED_VARIABLE = YES;
				MTL_ENABLE_DEBUG_INFO = NO;
				MTL_FAST_MATH = YES;
				SWIFT_COMPILATION_MODE = wholemodule;
				SWIFT_OPTIMIZATION_LEVEL = "-O";
			};
			name = Release;
		};
		8D046C252B4AD60C00DA064A /* Debug */ = {
			isa = XCBuildConfiguration;
			buildSettings = {
				ASSETCATALOG_COMPILER_APPICON_NAME = AppIcon;
				ASSETCATALOG_COMPILER_GLOBAL_ACCENT_COLOR_NAME = AccentColor;
				CODE_SIGN_ENTITLEMENTS = MyKinLegacy/MyKinLegacy.entitlements;
				CODE_SIGN_STYLE = Automatic;
				CURRENT_PROJECT_VERSION = 1;
				DEVELOPMENT_ASSET_PATHS = "\"MyKinLegacy/Preview Content\"";
				ENABLE_PREVIEWS = YES;
				GENERATE_INFOPLIST_FILE = YES;
				"INFOPLIST_KEY_UIApplicationSceneManifest_Generation[sdk=iphoneos*]" = YES;
				"INFOPLIST_KEY_UIApplicationSceneManifest_Generation[sdk=iphonesimulator*]" = YES;
				"INFOPLIST_KEY_UIApplicationSupportsIndirectInputEvents[sdk=iphoneos*]" = YES;
				"INFOPLIST_KEY_UIApplicationSupportsIndirectInputEvents[sdk=iphonesimulator*]" = YES;
				"INFOPLIST_KEY_UILaunchScreen_Generation[sdk=iphoneos*]" = YES;
				"INFOPLIST_KEY_UILaunchScreen_Generation[sdk=iphonesimulator*]" = YES;
				"INFOPLIST_KEY_UIStatusBarStyle[sdk=iphoneos*]" = UIStatusBarStyleDefault;
				"INFOPLIST_KEY_UIStatusBarStyle[sdk=iphonesimulator*]" = UIStatusBarStyleDefault;
				INFOPLIST_KEY_UISupportedInterfaceOrientations_iPad = "UIInterfaceOrientationPortrait UIInterfaceOrientationPortraitUpsideDown UIInterfaceOrientationLandscapeLeft UIInterfaceOrientationLandscapeRight";
				INFOPLIST_KEY_UISupportedInterfaceOrientations_iPhone = "UIInterfaceOrientationPortrait UIInterfaceOrientationLandscapeLeft UIInterfaceOrientationLandscapeRight";
				IPHONEOS_DEPLOYMENT_TARGET = 16.4;
				LD_RUNPATH_SEARCH_PATHS = "@executable_path/Frameworks";
				"LD_RUNPATH_SEARCH_PATHS[sdk=macosx*]" = "@executable_path/../Frameworks";
				MACOSX_DEPLOYMENT_TARGET = 13.0;
				MARKETING_VERSION = 1.0;
				PRODUCT_BUNDLE_IDENTIFIER = govtech.MyKinLegacy;
				PRODUCT_NAME = "$(TARGET_NAME)";
				SDKROOT = auto;
				SUPPORTED_PLATFORMS = "iphoneos iphonesimulator macosx";
				SWIFT_EMIT_LOC_STRINGS = YES;
				SWIFT_VERSION = 5.0;
				TARGETED_DEVICE_FAMILY = "1,2";
			};
			name = Debug;
		};
		8D046C262B4AD60C00DA064A /* Release */ = {
			isa = XCBuildConfiguration;
			buildSettings = {
				ASSETCATALOG_COMPILER_APPICON_NAME = AppIcon;
				ASSETCATALOG_COMPILER_GLOBAL_ACCENT_COLOR_NAME = AccentColor;
				CODE_SIGN_ENTITLEMENTS = MyKinLegacy/MyKinLegacy.entitlements;
				CODE_SIGN_STYLE = Automatic;
				CURRENT_PROJECT_VERSION = 1;
				DEVELOPMENT_ASSET_PATHS = "\"MyKinLegacy/Preview Content\"";
				ENABLE_PREVIEWS = YES;
				GENERATE_INFOPLIST_FILE = YES;
				"INFOPLIST_KEY_UIApplicationSceneManifest_Generation[sdk=iphoneos*]" = YES;
				"INFOPLIST_KEY_UIApplicationSceneManifest_Generation[sdk=iphonesimulator*]" = YES;
				"INFOPLIST_KEY_UIApplicationSupportsIndirectInputEvents[sdk=iphoneos*]" = YES;
				"INFOPLIST_KEY_UIApplicationSupportsIndirectInputEvents[sdk=iphonesimulator*]" = YES;
				"INFOPLIST_KEY_UILaunchScreen_Generation[sdk=iphoneos*]" = YES;
				"INFOPLIST_KEY_UILaunchScreen_Generation[sdk=iphonesimulator*]" = YES;
				"INFOPLIST_KEY_UIStatusBarStyle[sdk=iphoneos*]" = UIStatusBarStyleDefault;
				"INFOPLIST_KEY_UIStatusBarStyle[sdk=iphonesimulator*]" = UIStatusBarStyleDefault;
				INFOPLIST_KEY_UISupportedInterfaceOrientations_iPad = "UIInterfaceOrientationPortrait UIInterfaceOrientationPortraitUpsideDown UIInterfaceOrientationLandscapeLeft UIInterfaceOrientationLandscapeRight";
				INFOPLIST_KEY_UISupportedInterfaceOrientations_iPhone = "UIInterfaceOrientationPortrait UIInterfaceOrientationLandscapeLeft UIInterfaceOrientationLandscapeRight";
				IPHONEOS_DEPLOYMENT_TARGET = 16.4;
				LD_RUNPATH_SEARCH_PATHS = "@executable_path/Frameworks";
				"LD_RUNPATH_SEARCH_PATHS[sdk=macosx*]" = "@executable_path/../Frameworks";
				MACOSX_DEPLOYMENT_TARGET = 13.0;
				MARKETING_VERSION = 1.0;
				PRODUCT_BUNDLE_IDENTIFIER = govtech.MyKinLegacy;
				PRODUCT_NAME = "$(TARGET_NAME)";
				SDKROOT = auto;
				SUPPORTED_PLATFORMS = "iphoneos iphonesimulator macosx";
				SWIFT_EMIT_LOC_STRINGS = YES;
				SWIFT_VERSION = 5.0;
				TARGETED_DEVICE_FAMILY = "1,2";
			};
			name = Release;
		};
		8D046C282B4AD60C00DA064A /* Debug */ = {
			isa = XCBuildConfiguration;
			buildSettings = {
				ALWAYS_EMBED_SWIFT_STANDARD_LIBRARIES = YES;
				BUNDLE_LOADER = "$(TEST_HOST)";
				CODE_SIGN_STYLE = Automatic;
				CURRENT_PROJECT_VERSION = 1;
				GENERATE_INFOPLIST_FILE = YES;
				IPHONEOS_DEPLOYMENT_TARGET = 16.4;
				MACOSX_DEPLOYMENT_TARGET = 13.0;
				MARKETING_VERSION = 1.0;
				PRODUCT_BUNDLE_IDENTIFIER = govtech.MyKinLegacyTests;
				PRODUCT_NAME = "$(TARGET_NAME)";
				SDKROOT = auto;
				SUPPORTED_PLATFORMS = "iphoneos iphonesimulator macosx";
				SWIFT_EMIT_LOC_STRINGS = NO;
				SWIFT_VERSION = 5.0;
				TARGETED_DEVICE_FAMILY = "1,2";
				TEST_HOST = "$(BUILT_PRODUCTS_DIR)/MyKinLegacy.app/$(BUNDLE_EXECUTABLE_FOLDER_PATH)/MyKinLegacy";
			};
			name = Debug;
		};
		8D046C292B4AD60C00DA064A /* Release */ = {
			isa = XCBuildConfiguration;
			buildSettings = {
				ALWAYS_EMBED_SWIFT_STANDARD_LIBRARIES = YES;
				BUNDLE_LOADER = "$(TEST_HOST)";
				CODE_SIGN_STYLE = Automatic;
				CURRENT_PROJECT_VERSION = 1;
				GENERATE_INFOPLIST_FILE = YES;
				IPHONEOS_DEPLOYMENT_TARGET = 16.4;
				MACOSX_DEPLOYMENT_TARGET = 13.0;
				MARKETING_VERSION = 1.0;
				PRODUCT_BUNDLE_IDENTIFIER = govtech.MyKinLegacyTests;
				PRODUCT_NAME = "$(TARGET_NAME)";
				SDKROOT = auto;
				SUPPORTED_PLATFORMS = "iphoneos iphonesimulator macosx";
				SWIFT_EMIT_LOC_STRINGS = NO;
				SWIFT_VERSION = 5.0;
				TARGETED_DEVICE_FAMILY = "1,2";
				TEST_HOST = "$(BUILT_PRODUCTS_DIR)/MyKinLegacy.app/$(BUNDLE_EXECUTABLE_FOLDER_PATH)/MyKinLegacy";
			};
			name = Release;
		};
		8D046C2B2B4AD60C00DA064A /* Debug */ = {
			isa = XCBuildConfiguration;
			buildSettings = {
				ALWAYS_EMBED_SWIFT_STANDARD_LIBRARIES = YES;
				CODE_SIGN_STYLE = Automatic;
				CURRENT_PROJECT_VERSION = 1;
				GENERATE_INFOPLIST_FILE = YES;
				IPHONEOS_DEPLOYMENT_TARGET = 16.4;
				MACOSX_DEPLOYMENT_TARGET = 13.0;
				MARKETING_VERSION = 1.0;
				PRODUCT_BUNDLE_IDENTIFIER = govtech.MyKinLegacyUITests;
				PRODUCT_NAME = "$(TARGET_NAME)";
				SDKROOT = auto;
				SUPPORTED_PLATFORMS = "iphoneos iphonesimulator macosx";
				SWIFT_EMIT_LOC_STRINGS = NO;
				SWIFT_VERSION = 5.0;
				TARGETED_DEVICE_FAMILY = "1,2";
				TEST_TARGET_NAME = MyKinLegacy;
			};
			name = Debug;
		};
		8D046C2C2B4AD60C00DA064A /* Release */ = {
			isa = XCBuildConfiguration;
			buildSettings = {
				ALWAYS_EMBED_SWIFT_STANDARD_LIBRARIES = YES;
				CODE_SIGN_STYLE = Automatic;
				CURRENT_PROJECT_VERSION = 1;
				GENERATE_INFOPLIST_FILE = YES;
				IPHONEOS_DEPLOYMENT_TARGET = 16.4;
				MACOSX_DEPLOYMENT_TARGET = 13.0;
				MARKETING_VERSION = 1.0;
				PRODUCT_BUNDLE_IDENTIFIER = govtech.MyKinLegacyUITests;
				PRODUCT_NAME = "$(TARGET_NAME)";
				SDKROOT = auto;
				SUPPORTED_PLATFORMS = "iphoneos iphonesimulator macosx";
				SWIFT_EMIT_LOC_STRINGS = NO;
				SWIFT_VERSION = 5.0;
				TARGETED_DEVICE_FAMILY = "1,2";
				TEST_TARGET_NAME = MyKinLegacy;
			};
			name = Release;
		};
/* End XCBuildConfiguration section */

/* Begin XCConfigurationList section */
		8D046BF52B4AD60A00DA064A /* Build configuration list for PBXProject "MyKinLegacy" */ = {
			isa = XCConfigurationList;
			buildConfigurations = (
				8D046C222B4AD60C00DA064A /* Debug */,
				8D046C232B4AD60C00DA064A /* Release */,
			);
			defaultConfigurationIsVisible = 0;
			defaultConfigurationName = Release;
		};
		8D046C242B4AD60C00DA064A /* Build configuration list for PBXNativeTarget "MyKinLegacy" */ = {
			isa = XCConfigurationList;
			buildConfigurations = (
				8D046C252B4AD60C00DA064A /* Debug */,
				8D046C262B4AD60C00DA064A /* Release */,
			);
			defaultConfigurationIsVisible = 0;
			defaultConfigurationName = Release;
		};
		8D046C272B4AD60C00DA064A /* Build configuration list for PBXNativeTarget "MyKinLegacyTests" */ = {
			isa = XCConfigurationList;
			buildConfigurations = (
				8D046C282B4AD60C00DA064A /* Debug */,
				8D046C292B4AD60C00DA064A /* Release */,
			);
			defaultConfigurationIsVisible = 0;
			defaultConfigurationName = Release;
		};
		8D046C2A2B4AD60C00DA064A /* Build configuration list for PBXNativeTarget "MyKinLegacyUITests" */ = {
			isa = XCConfigurationList;
			buildConfigurations = (
				8D046C2B2B4AD60C00DA064A /* Debug */,
				8D046C2C2B4AD60C00DA064A /* Release */,
			);
			defaultConfigurationIsVisible = 0;
			defaultConfigurationName = Release;
		};
/* End XCConfigurationList section */

/* Begin XCVersionGroup section */
		8D046C012B4AD60A00DA064A /* MyKinLegacy.xcdatamodeld */ = {
			isa = XCVersionGroup;
			children = (
				8D046C022B4AD60A00DA064A /* MyKinLegacy.xcdatamodel */,
			);
			currentVersion = 8D046C022B4AD60A00DA064A /* MyKinLegacy.xcdatamodel */;
			path = MyKinLegacy.xcdatamodeld;
			sourceTree = "<group>";
			versionGroupType = wrapper.xcdatamodel;
		};
/* End XCVersionGroup section */
	};
	rootObject = 8D046BF22B4AD60A00DA064A /* Project object */;
}
